// !$*UTF8*$!
{
	archiveVersion = 1;
	classes = {
	};
	objectVersion = 56;
	objects = {

/* Begin PBXBuildFile section */
		4F10E1382AD6EC810069E34C /* BaseCurrencyViewControllerFactory.swift in Sources */ = {isa = PBXBuildFile; fileRef = 4F10E1372AD6EC810069E34C /* BaseCurrencyViewControllerFactory.swift */; };
		4FD929982AEFBC3B00672B9A /* CurrenciesMock.swift in Sources */ = {isa = PBXBuildFile; fileRef = 4FD929972AEFBC3B00672B9A /* CurrenciesMock.swift */; };
		4FD9299C2AF82C8100672B9A /* MockCurrencyService.swift in Sources */ = {isa = PBXBuildFile; fileRef = 4FD9299B2AF82C8100672B9A /* MockCurrencyService.swift */; };
		4FD929A02AFBC78400672B9A /* EnvironmentService.swift in Sources */ = {isa = PBXBuildFile; fileRef = 4FD9299F2AFBC78400672B9A /* EnvironmentService.swift */; };
		4FD929A22AFBC7DB00672B9A /* CurrenciesMock.json in Resources */ = {isa = PBXBuildFile; fileRef = 4FD929A12AFBC7DB00672B9A /* CurrenciesMock.json */; };
		4FD929A42AFBC83700672B9A /* ExchangeRatesMock.json in Resources */ = {isa = PBXBuildFile; fileRef = 4FD929A32AFBC83700672B9A /* ExchangeRatesMock.json */; };
		8E25732329FBDCAC0088417B /* AppDelegate.swift in Sources */ = {isa = PBXBuildFile; fileRef = 8E25732229FBDCAC0088417B /* AppDelegate.swift */; };
		8E25732729FBDCAC0088417B /* CurrencyListViewController.swift in Sources */ = {isa = PBXBuildFile; fileRef = 8E25732629FBDCAC0088417B /* CurrencyListViewController.swift */; };
		8E25732C29FBDCAD0088417B /* Assets.xcassets in Resources */ = {isa = PBXBuildFile; fileRef = 8E25732B29FBDCAD0088417B /* Assets.xcassets */; };
		8E25732F29FBDCAD0088417B /* LaunchScreen.storyboard in Resources */ = {isa = PBXBuildFile; fileRef = 8E25732D29FBDCAD0088417B /* LaunchScreen.storyboard */; };
		8E70354529FBDD0F00DDF4E8 /* CurrencyService.swift in Sources */ = {isa = PBXBuildFile; fileRef = 8E70354329FBDD0F00DDF4E8 /* CurrencyService.swift */; };
		8E70354629FBDD0F00DDF4E8 /* CurrencyModels.swift in Sources */ = {isa = PBXBuildFile; fileRef = 8E70354429FBDD0F00DDF4E8 /* CurrencyModels.swift */; };
		8E7C379D2AC4202E00D3DC28 /* MainSceneFactory.swift in Sources */ = {isa = PBXBuildFile; fileRef = 8E7C379C2AC4202E00D3DC28 /* MainSceneFactory.swift */; };
		8E7C37A02AC464D900D3DC28 /* UIGrid.swift in Sources */ = {isa = PBXBuildFile; fileRef = 8E7C379F2AC464D900D3DC28 /* UIGrid.swift */; };
		8E7C37A22AC4657400D3DC28 /* CurrenciesStorage.swift in Sources */ = {isa = PBXBuildFile; fileRef = 8E7C37A12AC4657400D3DC28 /* CurrenciesStorage.swift */; };
		A53F69932A0FA8B700D59289 /* ApiEndpointHelper.swift in Sources */ = {isa = PBXBuildFile; fileRef = A53F69922A0FA8B700D59289 /* ApiEndpointHelper.swift */; };
		A53F69952A0FAB3600D59289 /* RequestBuilder.swift in Sources */ = {isa = PBXBuildFile; fileRef = A53F69942A0FAB3600D59289 /* RequestBuilder.swift */; };
		A55971992A1120710059832C /* DeserializeHelper.swift in Sources */ = {isa = PBXBuildFile; fileRef = A55971982A1120710059832C /* DeserializeHelper.swift */; };
		A5654E932AB9C72E00AC76D1 /* UserSettings.swift in Sources */ = {isa = PBXBuildFile; fileRef = A5654E922AB9C72E00AC76D1 /* UserSettings.swift */; };
		A57AF0402A32616F00448BA0 /* CurrencyNameCell.swift in Sources */ = {isa = PBXBuildFile; fileRef = A57AF03F2A32616F00448BA0 /* CurrencyNameCell.swift */; };
		A57AF0422A3E0FA300448BA0 /* CurrenciesServiceFactory.swift in Sources */ = {isa = PBXBuildFile; fileRef = A57AF0412A3E0FA300448BA0 /* CurrenciesServiceFactory.swift */; };
		A57AF0442A3F4C0600448BA0 /* MainController.swift in Sources */ = {isa = PBXBuildFile; fileRef = A57AF0432A3F4C0600448BA0 /* MainController.swift */; };
		A5D4EC5D2A5AE12900269A82 /* CurrencyInfoCell.swift in Sources */ = {isa = PBXBuildFile; fileRef = A5D4EC5C2A5AE12900269A82 /* CurrencyInfoCell.swift */; };
		A5D4EC5F2A5C757000269A82 /* CurrencyListViewFactory.swift in Sources */ = {isa = PBXBuildFile; fileRef = A5D4EC5E2A5C757000269A82 /* CurrencyListViewFactory.swift */; };
		A5D4EC612A64742400269A82 /* BaseCurrencyViewController.swift in Sources */ = {isa = PBXBuildFile; fileRef = A5D4EC602A64742400269A82 /* BaseCurrencyViewController.swift */; };
		A5D4EC632A6EEF3600269A82 /* MainControllerFactory.swift in Sources */ = {isa = PBXBuildFile; fileRef = A5D4EC622A6EEF3600269A82 /* MainControllerFactory.swift */; };
/* End PBXBuildFile section */

/* Begin PBXFileReference section */
		4F10E1372AD6EC810069E34C /* BaseCurrencyViewControllerFactory.swift */ = {isa = PBXFileReference; lastKnownFileType = sourcecode.swift; path = BaseCurrencyViewControllerFactory.swift; sourceTree = "<group>"; };
		4FD929912AE6835400672B9A /* Offline.xcconfig */ = {isa = PBXFileReference; lastKnownFileType = text.xcconfig; path = Offline.xcconfig; sourceTree = "<group>"; };
		4FD929942AEE73D500672B9A /* Default.xcconfig */ = {isa = PBXFileReference; lastKnownFileType = text.xcconfig; path = Default.xcconfig; sourceTree = "<group>"; };
		4FD929972AEFBC3B00672B9A /* CurrenciesMock.swift */ = {isa = PBXFileReference; lastKnownFileType = sourcecode.swift; path = CurrenciesMock.swift; sourceTree = "<group>"; };
		4FD9299B2AF82C8100672B9A /* MockCurrencyService.swift */ = {isa = PBXFileReference; lastKnownFileType = sourcecode.swift; path = MockCurrencyService.swift; sourceTree = "<group>"; };
		4FD9299F2AFBC78400672B9A /* EnvironmentService.swift */ = {isa = PBXFileReference; lastKnownFileType = sourcecode.swift; path = EnvironmentService.swift; sourceTree = "<group>"; };
		4FD929A12AFBC7DB00672B9A /* CurrenciesMock.json */ = {isa = PBXFileReference; lastKnownFileType = text.json; path = CurrenciesMock.json; sourceTree = "<group>"; };
		4FD929A32AFBC83700672B9A /* ExchangeRatesMock.json */ = {isa = PBXFileReference; lastKnownFileType = text.json; path = ExchangeRatesMock.json; sourceTree = "<group>"; };
		8E25731F29FBDCAC0088417B /* CurrencyConverter.app */ = {isa = PBXFileReference; explicitFileType = wrapper.application; includeInIndex = 0; path = CurrencyConverter.app; sourceTree = BUILT_PRODUCTS_DIR; };
		8E25732229FBDCAC0088417B /* AppDelegate.swift */ = {isa = PBXFileReference; lastKnownFileType = sourcecode.swift; path = AppDelegate.swift; sourceTree = "<group>"; };
		8E25732629FBDCAC0088417B /* CurrencyListViewController.swift */ = {isa = PBXFileReference; lastKnownFileType = sourcecode.swift; path = CurrencyListViewController.swift; sourceTree = "<group>"; };
		8E25732B29FBDCAD0088417B /* Assets.xcassets */ = {isa = PBXFileReference; lastKnownFileType = folder.assetcatalog; path = Assets.xcassets; sourceTree = "<group>"; };
		8E25732E29FBDCAD0088417B /* Base */ = {isa = PBXFileReference; lastKnownFileType = file.storyboard; name = Base; path = Base.lproj/LaunchScreen.storyboard; sourceTree = "<group>"; };
		8E25733029FBDCAD0088417B /* Info.plist */ = {isa = PBXFileReference; lastKnownFileType = text.plist.xml; path = Info.plist; sourceTree = "<group>"; };
		8E70354329FBDD0F00DDF4E8 /* CurrencyService.swift */ = {isa = PBXFileReference; fileEncoding = 4; lastKnownFileType = sourcecode.swift; path = CurrencyService.swift; sourceTree = "<group>"; };
		8E70354429FBDD0F00DDF4E8 /* CurrencyModels.swift */ = {isa = PBXFileReference; fileEncoding = 4; lastKnownFileType = sourcecode.swift; path = CurrencyModels.swift; sourceTree = "<group>"; };
		8E7C379C2AC4202E00D3DC28 /* MainSceneFactory.swift */ = {isa = PBXFileReference; lastKnownFileType = sourcecode.swift; path = MainSceneFactory.swift; sourceTree = "<group>"; };
		8E7C379F2AC464D900D3DC28 /* UIGrid.swift */ = {isa = PBXFileReference; lastKnownFileType = sourcecode.swift; path = UIGrid.swift; sourceTree = "<group>"; };
		8E7C37A12AC4657400D3DC28 /* CurrenciesStorage.swift */ = {isa = PBXFileReference; lastKnownFileType = sourcecode.swift; path = CurrenciesStorage.swift; sourceTree = "<group>"; };
		A53F69922A0FA8B700D59289 /* ApiEndpointHelper.swift */ = {isa = PBXFileReference; lastKnownFileType = sourcecode.swift; path = ApiEndpointHelper.swift; sourceTree = "<group>"; };
		A53F69942A0FAB3600D59289 /* RequestBuilder.swift */ = {isa = PBXFileReference; lastKnownFileType = sourcecode.swift; path = RequestBuilder.swift; sourceTree = "<group>"; };
		A55971982A1120710059832C /* DeserializeHelper.swift */ = {isa = PBXFileReference; lastKnownFileType = sourcecode.swift; path = DeserializeHelper.swift; sourceTree = "<group>"; };
		A5654E922AB9C72E00AC76D1 /* UserSettings.swift */ = {isa = PBXFileReference; lastKnownFileType = sourcecode.swift; path = UserSettings.swift; sourceTree = "<group>"; };
		A57AF03F2A32616F00448BA0 /* CurrencyNameCell.swift */ = {isa = PBXFileReference; lastKnownFileType = sourcecode.swift; path = CurrencyNameCell.swift; sourceTree = "<group>"; };
		A57AF0412A3E0FA300448BA0 /* CurrenciesServiceFactory.swift */ = {isa = PBXFileReference; lastKnownFileType = sourcecode.swift; path = CurrenciesServiceFactory.swift; sourceTree = "<group>"; };
		A57AF0432A3F4C0600448BA0 /* MainController.swift */ = {isa = PBXFileReference; lastKnownFileType = sourcecode.swift; path = MainController.swift; sourceTree = "<group>"; };
		A5D4EC5C2A5AE12900269A82 /* CurrencyInfoCell.swift */ = {isa = PBXFileReference; lastKnownFileType = sourcecode.swift; path = CurrencyInfoCell.swift; sourceTree = "<group>"; };
		A5D4EC5E2A5C757000269A82 /* CurrencyListViewFactory.swift */ = {isa = PBXFileReference; lastKnownFileType = sourcecode.swift; path = CurrencyListViewFactory.swift; sourceTree = "<group>"; };
		A5D4EC602A64742400269A82 /* BaseCurrencyViewController.swift */ = {isa = PBXFileReference; lastKnownFileType = sourcecode.swift; path = BaseCurrencyViewController.swift; sourceTree = "<group>"; };
		A5D4EC622A6EEF3600269A82 /* MainControllerFactory.swift */ = {isa = PBXFileReference; lastKnownFileType = sourcecode.swift; path = MainControllerFactory.swift; sourceTree = "<group>"; };
/* End PBXFileReference section */

/* Begin PBXFrameworksBuildPhase section */
		8E25731C29FBDCAC0088417B /* Frameworks */ = {
			isa = PBXFrameworksBuildPhase;
			buildActionMask = 2147483647;
			files = (
			);
			runOnlyForDeploymentPostprocessing = 0;
		};
/* End PBXFrameworksBuildPhase section */

/* Begin PBXGroup section */
		8E25731629FBDCAC0088417B = {
			isa = PBXGroup;
			children = (
				4FD929942AEE73D500672B9A /* Default.xcconfig */,
				4FD929912AE6835400672B9A /* Offline.xcconfig */,
				8E25732129FBDCAC0088417B /* CurrencyConverter */,
				8E25732029FBDCAC0088417B /* Products */,
			);
			sourceTree = "<group>";
		};
		8E25732029FBDCAC0088417B /* Products */ = {
			isa = PBXGroup;
			children = (
				8E25731F29FBDCAC0088417B /* CurrencyConverter.app */,
			);
			name = Products;
			sourceTree = "<group>";
		};
		8E25732129FBDCAC0088417B /* CurrencyConverter */ = {
			isa = PBXGroup;
			children = (
				8E7C379E2AC464BB00D3DC28 /* UI */,
				8E9B80992AC35D7000680067 /* Models */,
				8E9B809A2AC35D9300680067 /* NetworkServices */,
				8E9B809B2AC35DA300680067 /* Services */,
				8E9B80972AC35CC100680067 /* CorrencyList */,
				8E9B80982AC35CD800680067 /* MainScene */,
				8E25732B29FBDCAD0088417B /* Assets.xcassets */,
				8E25732229FBDCAC0088417B /* AppDelegate.swift */,
				8E25732D29FBDCAD0088417B /* LaunchScreen.storyboard */,
				8E25733029FBDCAD0088417B /* Info.plist */,
			);
			path = CurrencyConverter;
			sourceTree = "<group>";
		};
		8E7C379E2AC464BB00D3DC28 /* UI */ = {
			isa = PBXGroup;
			children = (
				8E7C379F2AC464D900D3DC28 /* UIGrid.swift */,
			);
			path = UI;
			sourceTree = "<group>";
		};
		8E9B80972AC35CC100680067 /* CorrencyList */ = {
			isa = PBXGroup;
			children = (
				A57AF03F2A32616F00448BA0 /* CurrencyNameCell.swift */,
				8E25732629FBDCAC0088417B /* CurrencyListViewController.swift */,
				A5D4EC5E2A5C757000269A82 /* CurrencyListViewFactory.swift */,
			);
			path = CorrencyList;
			sourceTree = "<group>";
		};
		8E9B80982AC35CD800680067 /* MainScene */ = {
			isa = PBXGroup;
			children = (
				A5D4EC5C2A5AE12900269A82 /* CurrencyInfoCell.swift */,
				A5D4EC602A64742400269A82 /* BaseCurrencyViewController.swift */,
				A57AF0432A3F4C0600448BA0 /* MainController.swift */,
				A5D4EC622A6EEF3600269A82 /* MainControllerFactory.swift */,
				4F10E1372AD6EC810069E34C /* BaseCurrencyViewControllerFactory.swift */,
				8E7C379C2AC4202E00D3DC28 /* MainSceneFactory.swift */,
			);
			path = MainScene;
			sourceTree = "<group>";
		};
		8E9B80992AC35D7000680067 /* Models */ = {
			isa = PBXGroup;
			children = (
				8E70354429FBDD0F00DDF4E8 /* CurrencyModels.swift */,
			);
			path = Models;
			sourceTree = "<group>";
		};
		8E9B809A2AC35D9300680067 /* NetworkServices */ = {
			isa = PBXGroup;
			children = (
				8E70354329FBDD0F00DDF4E8 /* CurrencyService.swift */,
				4FD9299B2AF82C8100672B9A /* MockCurrencyService.swift */,
				A57AF0412A3E0FA300448BA0 /* CurrenciesServiceFactory.swift */,
				A53F69922A0FA8B700D59289 /* ApiEndpointHelper.swift */,
				A55971982A1120710059832C /* DeserializeHelper.swift */,
				A53F69942A0FAB3600D59289 /* RequestBuilder.swift */,
				4FD929972AEFBC3B00672B9A /* CurrenciesMock.swift */,
				4FD929A12AFBC7DB00672B9A /* CurrenciesMock.json */,
				4FD929A32AFBC83700672B9A /* ExchangeRatesMock.json */,
			);
			path = NetworkServices;
			sourceTree = "<group>";
		};
		8E9B809B2AC35DA300680067 /* Services */ = {
			isa = PBXGroup;
			children = (
				A5654E922AB9C72E00AC76D1 /* UserSettings.swift */,
				8E7C37A12AC4657400D3DC28 /* CurrenciesStorage.swift */,
				4FD9299F2AFBC78400672B9A /* EnvironmentService.swift */,
			);
			path = Services;
			sourceTree = "<group>";
		};
/* End PBXGroup section */

/* Begin PBXNativeTarget section */
		8E25731E29FBDCAC0088417B /* CurrencyConverter */ = {
			isa = PBXNativeTarget;
			buildConfigurationList = 8E25733329FBDCAD0088417B /* Build configuration list for PBXNativeTarget "CurrencyConverter" */;
			buildPhases = (
				8E25731B29FBDCAC0088417B /* Sources */,
				8E25731C29FBDCAC0088417B /* Frameworks */,
				8E25731D29FBDCAC0088417B /* Resources */,
			);
			buildRules = (
			);
			dependencies = (
			);
			name = CurrencyConverter;
			productName = CurrencyConverter;
			productReference = 8E25731F29FBDCAC0088417B /* CurrencyConverter.app */;
			productType = "com.apple.product-type.application";
		};
/* End PBXNativeTarget section */

/* Begin PBXProject section */
		8E25731729FBDCAC0088417B /* Project object */ = {
			isa = PBXProject;
			attributes = {
				BuildIndependentTargetsInParallel = 1;
				LastSwiftUpdateCheck = 1430;
				LastUpgradeCheck = 1430;
				TargetAttributes = {
					8E25731E29FBDCAC0088417B = {
						CreatedOnToolsVersion = 14.3;
					};
				};
			};
			buildConfigurationList = 8E25731A29FBDCAC0088417B /* Build configuration list for PBXProject "CurrencyConverter" */;
			compatibilityVersion = "Xcode 14.0";
			developmentRegion = en;
			hasScannedForEncodings = 0;
			knownRegions = (
				en,
				Base,
			);
			mainGroup = 8E25731629FBDCAC0088417B;
			productRefGroup = 8E25732029FBDCAC0088417B /* Products */;
			projectDirPath = "";
			projectRoot = "";
			targets = (
				8E25731E29FBDCAC0088417B /* CurrencyConverter */,
			);
		};
/* End PBXProject section */

/* Begin PBXResourcesBuildPhase section */
		8E25731D29FBDCAC0088417B /* Resources */ = {
			isa = PBXResourcesBuildPhase;
			buildActionMask = 2147483647;
			files = (
				4FD929A22AFBC7DB00672B9A /* CurrenciesMock.json in Resources */,
				8E25732F29FBDCAD0088417B /* LaunchScreen.storyboard in Resources */,
				4FD929A42AFBC83700672B9A /* ExchangeRatesMock.json in Resources */,
				8E25732C29FBDCAD0088417B /* Assets.xcassets in Resources */,
			);
			runOnlyForDeploymentPostprocessing = 0;
		};
/* End PBXResourcesBuildPhase section */

/* Begin PBXSourcesBuildPhase section */
		8E25731B29FBDCAC0088417B /* Sources */ = {
			isa = PBXSourcesBuildPhase;
			buildActionMask = 2147483647;
			files = (
				8E25732729FBDCAC0088417B /* CurrencyListViewController.swift in Sources */,
				4F10E1382AD6EC810069E34C /* BaseCurrencyViewControllerFactory.swift in Sources */,
				8E25732329FBDCAC0088417B /* AppDelegate.swift in Sources */,
				8E7C37A22AC4657400D3DC28 /* CurrenciesStorage.swift in Sources */,
				A5D4EC5F2A5C757000269A82 /* CurrencyListViewFactory.swift in Sources */,
				A53F69932A0FA8B700D59289 /* ApiEndpointHelper.swift in Sources */,
				A53F69952A0FAB3600D59289 /* RequestBuilder.swift in Sources */,
				4FD929A02AFBC78400672B9A /* EnvironmentService.swift in Sources */,
				A57AF0442A3F4C0600448BA0 /* MainController.swift in Sources */,
				A55971992A1120710059832C /* DeserializeHelper.swift in Sources */,
				A5D4EC632A6EEF3600269A82 /* MainControllerFactory.swift in Sources */,
				A5D4EC612A64742400269A82 /* BaseCurrencyViewController.swift in Sources */,
				4FD929982AEFBC3B00672B9A /* CurrenciesMock.swift in Sources */,
				A57AF0402A32616F00448BA0 /* CurrencyNameCell.swift in Sources */,
				8E70354629FBDD0F00DDF4E8 /* CurrencyModels.swift in Sources */,
				8E7C37A02AC464D900D3DC28 /* UIGrid.swift in Sources */,
				4FD9299C2AF82C8100672B9A /* MockCurrencyService.swift in Sources */,
				8E70354529FBDD0F00DDF4E8 /* CurrencyService.swift in Sources */,
				8E7C379D2AC4202E00D3DC28 /* MainSceneFactory.swift in Sources */,
				A57AF0422A3E0FA300448BA0 /* CurrenciesServiceFactory.swift in Sources */,
				A5654E932AB9C72E00AC76D1 /* UserSettings.swift in Sources */,
				A5D4EC5D2A5AE12900269A82 /* CurrencyInfoCell.swift in Sources */,
			);
			runOnlyForDeploymentPostprocessing = 0;
		};
/* End PBXSourcesBuildPhase section */

/* Begin PBXVariantGroup section */
		8E25732D29FBDCAD0088417B /* LaunchScreen.storyboard */ = {
			isa = PBXVariantGroup;
			children = (
				8E25732E29FBDCAD0088417B /* Base */,
			);
			name = LaunchScreen.storyboard;
			sourceTree = "<group>";
		};
/* End PBXVariantGroup section */

/* Begin XCBuildConfiguration section */
		4FD929952AEFBA0F00672B9A /* Offline */ = {
			isa = XCBuildConfiguration;
			baseConfigurationReference = 4FD929912AE6835400672B9A /* Offline.xcconfig */;
			buildSettings = {
				ALWAYS_SEARCH_USER_PATHS = NO;
				CLANG_ANALYZER_NONNULL = YES;
				CLANG_ANALYZER_NUMBER_OBJECT_CONVERSION = YES_AGGRESSIVE;
				CLANG_CXX_LANGUAGE_STANDARD = "gnu++20";
				CLANG_ENABLE_MODULES = YES;
				CLANG_ENABLE_OBJC_ARC = YES;
				CLANG_ENABLE_OBJC_WEAK = YES;
				CLANG_WARN_BLOCK_CAPTURE_AUTORELEASING = YES;
				CLANG_WARN_BOOL_CONVERSION = YES;
				CLANG_WARN_COMMA = YES;
				CLANG_WARN_CONSTANT_CONVERSION = YES;
				CLANG_WARN_DEPRECATED_OBJC_IMPLEMENTATIONS = YES;
				CLANG_WARN_DIRECT_OBJC_ISA_USAGE = YES_ERROR;
				CLANG_WARN_DOCUMENTATION_COMMENTS = YES;
				CLANG_WARN_EMPTY_BODY = YES;
				CLANG_WARN_ENUM_CONVERSION = YES;
				CLANG_WARN_INFINITE_RECURSION = YES;
				CLANG_WARN_INT_CONVERSION = YES;
				CLANG_WARN_NON_LITERAL_NULL_CONVERSION = YES;
				CLANG_WARN_OBJC_IMPLICIT_RETAIN_SELF = YES;
				CLANG_WARN_OBJC_LITERAL_CONVERSION = YES;
				CLANG_WARN_OBJC_ROOT_CLASS = YES_ERROR;
				CLANG_WARN_QUOTED_INCLUDE_IN_FRAMEWORK_HEADER = YES;
				CLANG_WARN_RANGE_LOOP_ANALYSIS = YES;
				CLANG_WARN_STRICT_PROTOTYPES = YES;
				CLANG_WARN_SUSPICIOUS_MOVE = YES;
				CLANG_WARN_UNGUARDED_AVAILABILITY = YES_AGGRESSIVE;
				CLANG_WARN_UNREACHABLE_CODE = YES;
				CLANG_WARN__DUPLICATE_METHOD_MATCH = YES;
				COPY_PHASE_STRIP = NO;
				DEBUG_INFORMATION_FORMAT = dwarf;
				ENABLE_STRICT_OBJC_MSGSEND = YES;
				ENABLE_TESTABILITY = YES;
				GCC_C_LANGUAGE_STANDARD = gnu11;
				GCC_DYNAMIC_NO_PIC = NO;
				GCC_NO_COMMON_BLOCKS = YES;
				GCC_OPTIMIZATION_LEVEL = 0;
				GCC_PREPROCESSOR_DEFINITIONS = (
					"DEBUG=1",
					"$(inherited)",
				);
				GCC_WARN_64_TO_32_BIT_CONVERSION = YES;
				GCC_WARN_ABOUT_RETURN_TYPE = YES_ERROR;
				GCC_WARN_UNDECLARED_SELECTOR = YES;
				GCC_WARN_UNINITIALIZED_AUTOS = YES_AGGRESSIVE;
				GCC_WARN_UNUSED_FUNCTION = YES;
				GCC_WARN_UNUSED_VARIABLE = YES;
				IPHONEOS_DEPLOYMENT_TARGET = 16.4;
				MTL_ENABLE_DEBUG_INFO = INCLUDE_SOURCE;
				MTL_FAST_MATH = YES;
				ONLY_ACTIVE_ARCH = YES;
				SDKROOT = iphoneos;
				SWIFT_ACTIVE_COMPILATION_CONDITIONS = DEBUG;
				SWIFT_OPTIMIZATION_LEVEL = "-Onone";
			};
			name = Offline;
		};
		4FD929962AEFBA0F00672B9A /* Offline */ = {
			isa = XCBuildConfiguration;
			baseConfigurationReference = 4FD929912AE6835400672B9A /* Offline.xcconfig */;
			buildSettings = {
				ASSETCATALOG_COMPILER_APPICON_NAME = AppIcon;
				ASSETCATALOG_COMPILER_GLOBAL_ACCENT_COLOR_NAME = AccentColor;
				CODE_SIGN_STYLE = Automatic;
				CURRENT_PROJECT_VERSION = 1;
				DEVELOPMENT_TEAM = VEE97JYMMG;
				GENERATE_INFOPLIST_FILE = YES;
				INFOPLIST_FILE = CurrencyConverter/Info.plist;
				INFOPLIST_KEY_UIApplicationSupportsIndirectInputEvents = YES;
				INFOPLIST_KEY_UILaunchStoryboardName = LaunchScreen;
				INFOPLIST_KEY_UISupportedInterfaceOrientations_iPad = "UIInterfaceOrientationPortrait UIInterfaceOrientationPortraitUpsideDown UIInterfaceOrientationLandscapeLeft UIInterfaceOrientationLandscapeRight";
				INFOPLIST_KEY_UISupportedInterfaceOrientations_iPhone = "UIInterfaceOrientationPortrait UIInterfaceOrientationLandscapeLeft UIInterfaceOrientationLandscapeRight";
				IPHONEOS_DEPLOYMENT_TARGET = 16.2;
				LD_RUNPATH_SEARCH_PATHS = (
					"$(inherited)",
					"@executable_path/Frameworks",
				);
				MARKETING_VERSION = 1.0;
				PRODUCT_BUNDLE_IDENTIFIER = com.dmitriy.mi.TestApp1.CurrencyConverter;
				PRODUCT_NAME = "$(TARGET_NAME)";
				SWIFT_EMIT_LOC_STRINGS = YES;
				SWIFT_VERSION = 5.0;
				TARGETED_DEVICE_FAMILY = "1,2";
			};
			name = Offline;
		};
		8E25733129FBDCAD0088417B /* Debug */ = {
			isa = XCBuildConfiguration;
			buildSettings = {
				ALWAYS_SEARCH_USER_PATHS = NO;
				CLANG_ANALYZER_NONNULL = YES;
				CLANG_ANALYZER_NUMBER_OBJECT_CONVERSION = YES_AGGRESSIVE;
				CLANG_CXX_LANGUAGE_STANDARD = "gnu++20";
				CLANG_ENABLE_MODULES = YES;
				CLANG_ENABLE_OBJC_ARC = YES;
				CLANG_ENABLE_OBJC_WEAK = YES;
				CLANG_WARN_BLOCK_CAPTURE_AUTORELEASING = YES;
				CLANG_WARN_BOOL_CONVERSION = YES;
				CLANG_WARN_COMMA = YES;
				CLANG_WARN_CONSTANT_CONVERSION = YES;
				CLANG_WARN_DEPRECATED_OBJC_IMPLEMENTATIONS = YES;
				CLANG_WARN_DIRECT_OBJC_ISA_USAGE = YES_ERROR;
				CLANG_WARN_DOCUMENTATION_COMMENTS = YES;
				CLANG_WARN_EMPTY_BODY = YES;
				CLANG_WARN_ENUM_CONVERSION = YES;
				CLANG_WARN_INFINITE_RECURSION = YES;
				CLANG_WARN_INT_CONVERSION = YES;
				CLANG_WARN_NON_LITERAL_NULL_CONVERSION = YES;
				CLANG_WARN_OBJC_IMPLICIT_RETAIN_SELF = YES;
				CLANG_WARN_OBJC_LITERAL_CONVERSION = YES;
				CLANG_WARN_OBJC_ROOT_CLASS = YES_ERROR;
				CLANG_WARN_QUOTED_INCLUDE_IN_FRAMEWORK_HEADER = YES;
				CLANG_WARN_RANGE_LOOP_ANALYSIS = YES;
				CLANG_WARN_STRICT_PROTOTYPES = YES;
				CLANG_WARN_SUSPICIOUS_MOVE = YES;
				CLANG_WARN_UNGUARDED_AVAILABILITY = YES_AGGRESSIVE;
				CLANG_WARN_UNREACHABLE_CODE = YES;
				CLANG_WARN__DUPLICATE_METHOD_MATCH = YES;
				COPY_PHASE_STRIP = NO;
				DEBUG_INFORMATION_FORMAT = dwarf;
				ENABLE_STRICT_OBJC_MSGSEND = YES;
				ENABLE_TESTABILITY = YES;
				GCC_C_LANGUAGE_STANDARD = gnu11;
				GCC_DYNAMIC_NO_PIC = NO;
				GCC_NO_COMMON_BLOCKS = YES;
				GCC_OPTIMIZATION_LEVEL = 0;
				GCC_PREPROCESSOR_DEFINITIONS = (
					"DEBUG=1",
					"$(inherited)",
				);
				GCC_WARN_64_TO_32_BIT_CONVERSION = YES;
				GCC_WARN_ABOUT_RETURN_TYPE = YES_ERROR;
				GCC_WARN_UNDECLARED_SELECTOR = YES;
				GCC_WARN_UNINITIALIZED_AUTOS = YES_AGGRESSIVE;
				GCC_WARN_UNUSED_FUNCTION = YES;
				GCC_WARN_UNUSED_VARIABLE = YES;
				IPHONEOS_DEPLOYMENT_TARGET = 16.4;
				MTL_ENABLE_DEBUG_INFO = INCLUDE_SOURCE;
				MTL_FAST_MATH = YES;
				ONLY_ACTIVE_ARCH = YES;
				SDKROOT = iphoneos;
				SWIFT_ACTIVE_COMPILATION_CONDITIONS = DEBUG;
				SWIFT_OPTIMIZATION_LEVEL = "-Onone";
			};
			name = Debug;
		};
		8E25733229FBDCAD0088417B /* Default */ = {
			isa = XCBuildConfiguration;
			baseConfigurationReference = 4FD929942AEE73D500672B9A /* Default.xcconfig */;
			buildSettings = {
				ALWAYS_SEARCH_USER_PATHS = NO;
				CLANG_ANALYZER_NONNULL = YES;
				CLANG_ANALYZER_NUMBER_OBJECT_CONVERSION = YES_AGGRESSIVE;
				CLANG_CXX_LANGUAGE_STANDARD = "gnu++20";
				CLANG_ENABLE_MODULES = YES;
				CLANG_ENABLE_OBJC_ARC = YES;
				CLANG_ENABLE_OBJC_WEAK = YES;
				CLANG_WARN_BLOCK_CAPTURE_AUTORELEASING = YES;
				CLANG_WARN_BOOL_CONVERSION = YES;
				CLANG_WARN_COMMA = YES;
				CLANG_WARN_CONSTANT_CONVERSION = YES;
				CLANG_WARN_DEPRECATED_OBJC_IMPLEMENTATIONS = YES;
				CLANG_WARN_DIRECT_OBJC_ISA_USAGE = YES_ERROR;
				CLANG_WARN_DOCUMENTATION_COMMENTS = YES;
				CLANG_WARN_EMPTY_BODY = YES;
				CLANG_WARN_ENUM_CONVERSION = YES;
				CLANG_WARN_INFINITE_RECURSION = YES;
				CLANG_WARN_INT_CONVERSION = YES;
				CLANG_WARN_NON_LITERAL_NULL_CONVERSION = YES;
				CLANG_WARN_OBJC_IMPLICIT_RETAIN_SELF = YES;
				CLANG_WARN_OBJC_LITERAL_CONVERSION = YES;
				CLANG_WARN_OBJC_ROOT_CLASS = YES_ERROR;
				CLANG_WARN_QUOTED_INCLUDE_IN_FRAMEWORK_HEADER = YES;
				CLANG_WARN_RANGE_LOOP_ANALYSIS = YES;
				CLANG_WARN_STRICT_PROTOTYPES = YES;
				CLANG_WARN_SUSPICIOUS_MOVE = YES;
				CLANG_WARN_UNGUARDED_AVAILABILITY = YES_AGGRESSIVE;
				CLANG_WARN_UNREACHABLE_CODE = YES;
				CLANG_WARN__DUPLICATE_METHOD_MATCH = YES;
				COPY_PHASE_STRIP = NO;
				DEBUG_INFORMATION_FORMAT = "dwarf-with-dsym";
				ENABLE_NS_ASSERTIONS = NO;
				ENABLE_STRICT_OBJC_MSGSEND = YES;
				GCC_C_LANGUAGE_STANDARD = gnu11;
				GCC_NO_COMMON_BLOCKS = YES;
				GCC_WARN_64_TO_32_BIT_CONVERSION = YES;
				GCC_WARN_ABOUT_RETURN_TYPE = YES_ERROR;
				GCC_WARN_UNDECLARED_SELECTOR = YES;
				GCC_WARN_UNINITIALIZED_AUTOS = YES_AGGRESSIVE;
				GCC_WARN_UNUSED_FUNCTION = YES;
				GCC_WARN_UNUSED_VARIABLE = YES;
				IPHONEOS_DEPLOYMENT_TARGET = 16.4;
				MTL_ENABLE_DEBUG_INFO = NO;
				MTL_FAST_MATH = YES;
				SDKROOT = iphoneos;
				SWIFT_COMPILATION_MODE = wholemodule;
				SWIFT_OPTIMIZATION_LEVEL = "-O";
				VALIDATE_PRODUCT = YES;
			};
			name = Default;
		};
		8E25733429FBDCAD0088417B /* Debug */ = {
			isa = XCBuildConfiguration;
			buildSettings = {
				ASSETCATALOG_COMPILER_APPICON_NAME = AppIcon;
				ASSETCATALOG_COMPILER_GLOBAL_ACCENT_COLOR_NAME = AccentColor;
				CODE_SIGN_STYLE = Automatic;
				CURRENT_PROJECT_VERSION = 1;
				DEVELOPMENT_TEAM = VEE97JYMMG;
				GENERATE_INFOPLIST_FILE = YES;
				INFOPLIST_FILE = CurrencyConverter/Info.plist;
				INFOPLIST_KEY_UIApplicationSupportsIndirectInputEvents = YES;
				INFOPLIST_KEY_UILaunchStoryboardName = LaunchScreen;
				INFOPLIST_KEY_UISupportedInterfaceOrientations_iPad = "UIInterfaceOrientationPortrait UIInterfaceOrientationPortraitUpsideDown UIInterfaceOrientationLandscapeLeft UIInterfaceOrientationLandscapeRight";
				INFOPLIST_KEY_UISupportedInterfaceOrientations_iPhone = "UIInterfaceOrientationPortrait UIInterfaceOrientationLandscapeLeft UIInterfaceOrientationLandscapeRight";
				IPHONEOS_DEPLOYMENT_TARGET = 16.2;
				LD_RUNPATH_SEARCH_PATHS = (
					"$(inherited)",
					"@executable_path/Frameworks",
				);
				MARKETING_VERSION = 1.0;
				PRODUCT_BUNDLE_IDENTIFIER = com.dmitriy.mi.TestApp1.CurrencyConverter;
				PRODUCT_NAME = "$(TARGET_NAME)";
				SWIFT_EMIT_LOC_STRINGS = YES;
				SWIFT_VERSION = 5.0;
				TARGETED_DEVICE_FAMILY = "1,2";
			};
			name = Debug;
		};
		8E25733529FBDCAD0088417B /* Default */ = {
			isa = XCBuildConfiguration;
			baseConfigurationReference = 4FD929942AEE73D500672B9A /* Default.xcconfig */;
			buildSettings = {
				ASSETCATALOG_COMPILER_APPICON_NAME = AppIcon;
				ASSETCATALOG_COMPILER_GLOBAL_ACCENT_COLOR_NAME = AccentColor;
				CODE_SIGN_STYLE = Automatic;
				CURRENT_PROJECT_VERSION = 1;
				DEVELOPMENT_TEAM = VEE97JYMMG;
				GENERATE_INFOPLIST_FILE = YES;
				INFOPLIST_FILE = CurrencyConverter/Info.plist;
				INFOPLIST_KEY_UIApplicationSupportsIndirectInputEvents = YES;
				INFOPLIST_KEY_UILaunchStoryboardName = LaunchScreen;
				INFOPLIST_KEY_UISupportedInterfaceOrientations_iPad = "UIInterfaceOrientationPortrait UIInterfaceOrientationPortraitUpsideDown UIInterfaceOrientationLandscapeLeft UIInterfaceOrientationLandscapeRight";
				INFOPLIST_KEY_UISupportedInterfaceOrientations_iPhone = "UIInterfaceOrientationPortrait UIInterfaceOrientationLandscapeLeft UIInterfaceOrientationLandscapeRight";
				IPHONEOS_DEPLOYMENT_TARGET = 16.2;
				LD_RUNPATH_SEARCH_PATHS = (
					"$(inherited)",
					"@executable_path/Frameworks",
				);
				MARKETING_VERSION = 1.0;
				PRODUCT_BUNDLE_IDENTIFIER = com.dmitriy.mi.TestApp1.CurrencyConverter;
				PRODUCT_NAME = "$(TARGET_NAME)";
				SWIFT_EMIT_LOC_STRINGS = YES;
				SWIFT_VERSION = 5.0;
				TARGETED_DEVICE_FAMILY = "1,2";
			};
			name = Default;
		};
/* End XCBuildConfiguration section */

/* Begin XCConfigurationList section */
		8E25731A29FBDCAC0088417B /* Build configuration list for PBXProject "CurrencyConverter" */ = {
			isa = XCConfigurationList;
			buildConfigurations = (
				8E25733129FBDCAD0088417B /* Debug */,
				4FD929952AEFBA0F00672B9A /* Offline */,
				8E25733229FBDCAD0088417B /* Default */,
			);
			defaultConfigurationIsVisible = 0;
			defaultConfigurationName = Default;
		};
		8E25733329FBDCAD0088417B /* Build configuration list for PBXNativeTarget "CurrencyConverter" */ = {
			isa = XCConfigurationList;
			buildConfigurations = (
				8E25733429FBDCAD0088417B /* Debug */,
				4FD929962AEFBA0F00672B9A /* Offline */,
				8E25733529FBDCAD0088417B /* Default */,
			);
			defaultConfigurationIsVisible = 0;
			defaultConfigurationName = Default;
		};
/* End XCConfigurationList section */
	};
	rootObject = 8E25731729FBDCAC0088417B /* Project object */;
}
